
Microsoft Visual Studio Solution File, Format Version 12.00
# Visual Studio Version 17
VisualStudioVersion = 17.14.36119.2 d17.14
MinimumVisualStudioVersion = 10.0.40219.1
Project("{FAE04EC0-301F-11D3-BF4B-00C04F79EFBC}") = "LogMount", "LogMount\LogMount.csproj", "{3ABB85E7-7C1C-4BEC-91E1-FEFC69AFFC81}"
EndProject
Global
	GlobalSection(SolutionConfigurationPlatforms) = preSolution
		Debug|Any CPU = Debug|Any CPU
		Release|Any CPU = Release|Any CPU
	EndGlobalSection
	GlobalSection(ProjectConfigurationPlatforms) = postSolution
		{3ABB85E7-7C1C-4BEC-91E1-FEFC69AFFC81}.Debug|Any CPU.ActiveCfg = Debug|Any CPU
		{3ABB85E7-7C1C-4BEC-91E1-FEFC69AFFC81}.Debug|Any CPU.Build.0 = Debug|Any CPU
		{3ABB85E7-7C1C-4BEC-91E1-FEFC69AFFC81}.Release|Any CPU.ActiveCfg = Release|Any CPU
		{3ABB85E7-7C1C-4BEC-91E1-FEFC69AFFC81}.Release|Any CPU.Build.0 = Release|Any CPU
	EndGlobalSection
	GlobalSection(SolutionProperties) = preSolution
		HideSolutionNode = FALSE
	EndGlobalSection
	GlobalSection(ExtensibilityGlobals) = postSolution
		SolutionGuid = {70D1A78F-9CF1-44A6-A068-8BE1EC46CA0F}
	EndGlobalSection
EndGlobal
